<?xml version="1.0" encoding="utf-8"?>
<Project ToolsVersion="4.0" xmlns="http://schemas.microsoft.com/developer/msbuild/2003">
  <ItemGroup>
    <Filter Include="Source Files">
      <UniqueIdentifier>{4FC737F1-C7A5-4376-A066-2A32D752A2FF}</UniqueIdentifier>
      <Extensions>cpp;cxx;c;def</Extensions>
    </Filter>
    <Filter Include="Header Files">
      <UniqueIdentifier>{93995380-89BD-4b04-88EB-625FBE52EBFB}</UniqueIdentifier>
      <Extensions>h</Extensions>
    </Filter>
    <Filter Include="Form Files">
      <UniqueIdentifier>{99349809-55BA-4b9d-BF79-8FDBB0286EB3}</UniqueIdentifier>
      <Extensions>ui</Extensions>
    </Filter>
    <Filter Include="Resource Files">
      <UniqueIdentifier>{D9D6E242-F8AF-46E4-B9FD-80ECBC20BA3E}</UniqueIdentifier>
      <Extensions>qrc;*</Extensions>
      <ParseFiles>false</ParseFiles>
    </Filter>
    <Filter Include="Generated Files">
      <UniqueIdentifier>{71ED8ED8-ACB9-4CE9-BBE1-E00B30144E11}</UniqueIdentifier>
      <Extensions>moc;h;cpp</Extensions>
      <SourceControlFiles>False</SourceControlFiles>
    </Filter>
    <Filter Include="Generated Files\Debug">
      <UniqueIdentifier>{af9bf757-5946-453e-8468-9785819e0e5e}</UniqueIdentifier>
      <Extensions>cpp;moc</Extensions>
      <SourceControlFiles>False</SourceControlFiles>
    </Filter>
    <Filter Include="Generated Files\Release">
      <UniqueIdentifier>{8738ccf1-25e5-4b26-89a5-b26f8e8b8ebb}</UniqueIdentifier>
      <Extensions>cpp;moc</Extensions>
      <SourceControlFiles>False</SourceControlFiles>
    </Filter>
    <Filter Include="Header Files\wlan">
      <UniqueIdentifier>{8d6b518a-8a15-4dbb-9a1a-b2a89c5ac47a}</UniqueIdentifier>
    </Filter>
    <Filter Include="Source Files\wlan">
      <UniqueIdentifier>{a1fc01ff-c2fb-4b62-bc6e-d7cfad2e48cb}</UniqueIdentifier>
    </Filter>
    <Filter Include="Resource Files\images">
      <UniqueIdentifier>{57d4f683-63f9-4f45-a634-dca241f98a8c}</UniqueIdentifier>
    </Filter>
    <Filter Include="Header Files\network">
      <UniqueIdentifier>{a0391b1a-750e-4c0a-9bea-360346d69128}</UniqueIdentifier>
    </Filter>
    <Filter Include="Source Files\network">
      <UniqueIdentifier>{c048860d-a46a-48bc-8a89-f9cb56a89b3d}</UniqueIdentifier>
    </Filter>
    <Filter Include="Header Files\ui">
      <UniqueIdentifier>{811c36e1-e829-41dd-aa61-3d7c2199ee23}</UniqueIdentifier>
    </Filter>
    <Filter Include="Source Files\ui">
      <UniqueIdentifier>{c164dc6d-1740-479c-af6d-53b4eb9040df}</UniqueIdentifier>
    </Filter>
    <Filter Include="Header Files\sharing">
      <UniqueIdentifier>{2de04c32-b494-4ba7-8c7a-274558a78558}</UniqueIdentifier>
    </Filter>
    <Filter Include="Source Files\sharing">
      <UniqueIdentifier>{bba2cf76-6435-455f-952e-f8cef29a0db2}</UniqueIdentifier>
    </Filter>
    <Filter Include="Header Files\controllers">
      <UniqueIdentifier>{235c5fc5-2863-4016-af51-c6e4f6c75b56}</UniqueIdentifier>
    </Filter>
    <Filter Include="Source Files\controllers">
      <UniqueIdentifier>{3f9e7c65-9f7f-41ef-a668-01e43da43e11}</UniqueIdentifier>
    </Filter>
  </ItemGroup>
  <ItemGroup>
    <ClCompile Include="src\main.cpp">
      <Filter>Source Files</Filter>
    </ClCompile>
    <ClCompile Include="src\wlan\hosted_wlan.cpp">
      <Filter>Source Files\wlan</Filter>
    </ClCompile>
    <ClCompile Include="GeneratedFiles\qrc_resources.cpp">
      <Filter>Generated Files</Filter>
    </ClCompile>
    <ClCompile Include="GeneratedFiles\qrc_mainwindow.cpp">
      <Filter>Generated Files</Filter>
    </ClCompile>
    <ClCompile Include="GeneratedFiles\Debug\moc_hosted_wlan.cpp">
      <Filter>Generated Files\Debug</Filter>
    </ClCompile>
    <ClCompile Include="GeneratedFiles\Release\moc_hosted_wlan.cpp">
      <Filter>Generated Files\Release</Filter>
    </ClCompile>
    <ClCompile Include="src\network\net_utils.cpp">
      <Filter>Source Files\network</Filter>
    </ClCompile>
    <ClCompile Include="GeneratedFiles\Debug\moc_mainwindow.cpp">
      <Filter>Generated Files\Debug</Filter>
    </ClCompile>
    <ClCompile Include="GeneratedFiles\Release\moc_mainwindow.cpp">
      <Filter>Generated Files\Release</Filter>
    </ClCompile>
    <ClCompile Include="src\ui\mainwindow.cpp">
      <Filter>Source Files\ui</Filter>
    </ClCompile>
    <ClCompile Include="src\wlan\wlan_host.cpp">
      <Filter>Source Files\wlan</Filter>
    </ClCompile>
    <ClCompile Include="GeneratedFiles\Debug\moc_wlan_host_table_model.cpp">
      <Filter>Generated Files\Debug</Filter>
    </ClCompile>
    <ClCompile Include="GeneratedFiles\Release\moc_wlan_host_table_model.cpp">
      <Filter>Generated Files\Release</Filter>
    </ClCompile>
    <ClCompile Include="src\ui\wlan_host_table_model.cpp">
      <Filter>Source Files\ui</Filter>
    </ClCompile>
    <ClCompile Include="src\sharing\sharing_service.cpp">
      <Filter>Source Files\sharing</Filter>
    </ClCompile>
    <ClCompile Include="GeneratedFiles\Debug\moc_shared_folders_table_model.cpp">
      <Filter>Generated Files\Debug</Filter>
    </ClCompile>
    <ClCompile Include="GeneratedFiles\Release\moc_shared_folders_table_model.cpp">
      <Filter>Generated Files\Release</Filter>
    </ClCompile>
    <ClCompile Include="GeneratedFiles\Debug\moc_sharing_service.cpp">
      <Filter>Generated Files\Debug</Filter>
    </ClCompile>
    <ClCompile Include="GeneratedFiles\Release\moc_sharing_service.cpp">
      <Filter>Generated Files\Release</Filter>
    </ClCompile>
    <ClCompile Include="src\network\ics_service.cpp">
      <Filter>Source Files\network</Filter>
    </ClCompile>
    <ClCompile Include="src\network\ics_connection.cpp">
      <Filter>Source Files\network</Filter>
    </ClCompile>
    <ClCompile Include="GeneratedFiles\Debug\moc_ics_service.cpp">
      <Filter>Generated Files\Debug</Filter>
    </ClCompile>
    <ClCompile Include="GeneratedFiles\Release\moc_ics_service.cpp">
      <Filter>Generated Files\Release</Filter>
    </ClCompile>
    <ClCompile Include="src\controllers\hosted_wlan_controller.cpp">
      <Filter>Source Files\controllers</Filter>
    </ClCompile>
    <ClCompile Include="src\ui\shared_folders_table_model.cpp">
      <Filter>Source Files\ui</Filter>
    </ClCompile>
    <ClCompile Include="src\ui\settings_dialog.cpp">
      <Filter>Source Files\ui</Filter>
    </ClCompile>
    <ClCompile Include="src\app_settings.cpp">
      <Filter>Source Files</Filter>
    </ClCompile>
    <ClCompile Include="src\ui\add_sharing_dialog.cpp">
      <Filter>Source Files\ui</Filter>
    </ClCompile>
  </ItemGroup>
  <ItemGroup>
    <CustomBuild Include="include\wlan\hosted_wlan.h">
      <Filter>Header Files\wlan</Filter>
    </CustomBuild>
    <CustomBuild Include="Resources\resources.qrc">
      <Filter>Resource Files</Filter>
    </CustomBuild>
    <CustomBuild Include="Resources\mainwindow.qrc">
      <Filter>Resource Files</Filter>
    </CustomBuild>
    <CustomBuild Include="include\ui\mainwindow.h">
      <Filter>Header Files\ui</Filter>
    </CustomBuild>
    <CustomBuild Include="include\ui\wlan_host_table_model.h">
      <Filter>Header Files\ui</Filter>
    </CustomBuild>
    <CustomBuild Include="include\ui\shared_folders_table_model.h">
      <Filter>Header Files\ui</Filter>
    </CustomBuild>
    <CustomBuild Include="include\sharing\sharing_service.h">
      <Filter>Header Files\sharing</Filter>
    </CustomBuild>
    <CustomBuild Include="include\network\ics_service.h">
      <Filter>Header Files\network</Filter>
    </CustomBuild>
    <CustomBuild Include="forms\mainwindow.ui">
      <Filter>Form Files</Filter>
    </CustomBuild>
    <CustomBuild Include="forms\settings.ui">
      <Filter>Form Files</Filter>
    </CustomBuild>
    <CustomBuild Include="include\wlan\wlan_host.h">
      <Filter>Header Files\wlan</Filter>
    </CustomBuild>
    <CustomBuild Include="forms\add_sharing.ui">
      <Filter>Form Files</Filter>
    </CustomBuild>
  </ItemGroup>
  <ItemGroup>
    <ClInclude Include="include\network\net_utils.h">
      <Filter>Header Files\network</Filter>
    </ClInclude>
    <ClInclude Include="include\sharing\shared_resource.h">
      <Filter>Header Files\sharing</Filter>
    </ClInclude>
    <ClInclude Include="include\network\ics_connection.h">
      <Filter>Header Files\network</Filter>
    </ClInclude>
    <ClInclude Include="include\controllers\hosted_wlan_controller.h">
      <Filter>Header Files\controllers</Filter>
    </ClInclude>
    <ClInclude Include="GeneratedFiles\ui_mainwindow.h">
      <Filter>Generated Files</Filter>
    </ClInclude>
    <ClInclude Include="GeneratedFiles\ui_settings.h">
      <Filter>Generated Files</Filter>
    </ClInclude>
    <ClInclude Include="include\ui\settings_dialog.h">
      <Filter>Header Files\ui</Filter>
    </ClInclude>
    <ClInclude Include="include\app_settings.h">
      <Filter>Header Files</Filter>
    </ClInclude>
    <ClInclude Include="include\commons.h">
      <Filter>Header Files</Filter>
    </ClInclude>
    <ClInclude Include="GeneratedFiles\ui_add_sharing.h">
      <Filter>Generated Files</Filter>
    </ClInclude>
    <ClInclude Include="include\ui\add_sharing_dialog.h">
      <Filter>Header Files\ui</Filter>
    </ClInclude>
  </ItemGroup>
  <ItemGroup>
    <Image Include="Resources\images\switch_off.bmp">
      <Filter>Resource Files\images</Filter>
    </Image>
    <Image Include="Resources\images\switch_on.bmp">
      <Filter>Resource Files\images</Filter>
    </Image>
    <Image Include="Resources\images\refresh.ico">
      <Filter>Resource Files\images</Filter>
    </Image>
  </ItemGroup>
  <ItemGroup>
    <None Include="README.md" />
  </ItemGroup>
</Project>